// !$*UTF8*$!
{
	archiveVersion = 1;
	classes = {
	};
	objectVersion = 56;
	objects = {

/* Begin PBXBuildFile section */
		260EF7D5298ACC78007392BB /* AppDelegate.swift in Sources */ = {isa = PBXBuildFile; fileRef = 260EF7D4298ACC78007392BB /* AppDelegate.swift */; };
		260EF7D7298ACC78007392BB /* SceneDelegate.swift in Sources */ = {isa = PBXBuildFile; fileRef = 260EF7D6298ACC78007392BB /* SceneDelegate.swift */; };
		260EF7D9298ACC78007392BB /* RMTabBarViewController.swift in Sources */ = {isa = PBXBuildFile; fileRef = 260EF7D8298ACC78007392BB /* RMTabBarViewController.swift */; };
		260EF7DE298ACC7A007392BB /* Assets.xcassets in Resources */ = {isa = PBXBuildFile; fileRef = 260EF7DD298ACC7A007392BB /* Assets.xcassets */; };
		260EF7E1298ACC7A007392BB /* LaunchScreen.storyboard in Resources */ = {isa = PBXBuildFile; fileRef = 260EF7DF298ACC7A007392BB /* LaunchScreen.storyboard */; };
		26A96A06298D6A4F003A4B98 /* RMLocation.swift in Sources */ = {isa = PBXBuildFile; fileRef = 26A96A05298D6A4F003A4B98 /* RMLocation.swift */; };
		26A96A08298D6A62003A4B98 /* RMCharacter.swift in Sources */ = {isa = PBXBuildFile; fileRef = 26A96A07298D6A62003A4B98 /* RMCharacter.swift */; };
		26A96A0A298D6A6B003A4B98 /* RMEpisode.swift in Sources */ = {isa = PBXBuildFile; fileRef = 26A96A09298D6A6B003A4B98 /* RMEpisode.swift */; };
		26A96A0D298D6B3B003A4B98 /* RMCharacterViewController.swift in Sources */ = {isa = PBXBuildFile; fileRef = 26A96A0C298D6B3B003A4B98 /* RMCharacterViewController.swift */; };
		26A96A0F298D6B52003A4B98 /* RMLocationViewController.swift in Sources */ = {isa = PBXBuildFile; fileRef = 26A96A0E298D6B52003A4B98 /* RMLocationViewController.swift */; };
		26A96A11298D6B66003A4B98 /* RMEpisodeViewController.swift in Sources */ = {isa = PBXBuildFile; fileRef = 26A96A10298D6B66003A4B98 /* RMEpisodeViewController.swift */; };
		26A96A13298D6B78003A4B98 /* RMSettingsViewController.swift in Sources */ = {isa = PBXBuildFile; fileRef = 26A96A12298D6B78003A4B98 /* RMSettingsViewController.swift */; };
/* End PBXBuildFile section */

/* Begin PBXFileReference section */
		260EF7D1298ACC78007392BB /* RickyAndMorty.app */ = {isa = PBXFileReference; explicitFileType = wrapper.application; includeInIndex = 0; path = RickyAndMorty.app; sourceTree = BUILT_PRODUCTS_DIR; };
		260EF7D4298ACC78007392BB /* AppDelegate.swift */ = {isa = PBXFileReference; lastKnownFileType = sourcecode.swift; path = AppDelegate.swift; sourceTree = "<group>"; };
		260EF7D6298ACC78007392BB /* SceneDelegate.swift */ = {isa = PBXFileReference; lastKnownFileType = sourcecode.swift; path = SceneDelegate.swift; sourceTree = "<group>"; };
		260EF7D8298ACC78007392BB /* RMTabBarViewController.swift */ = {isa = PBXFileReference; lastKnownFileType = sourcecode.swift; path = RMTabBarViewController.swift; sourceTree = "<group>"; };
		260EF7DD298ACC7A007392BB /* Assets.xcassets */ = {isa = PBXFileReference; lastKnownFileType = folder.assetcatalog; path = Assets.xcassets; sourceTree = "<group>"; };
		260EF7E0298ACC7A007392BB /* Base */ = {isa = PBXFileReference; lastKnownFileType = file.storyboard; name = Base; path = Base.lproj/LaunchScreen.storyboard; sourceTree = "<group>"; };
		260EF7E2298ACC7A007392BB /* Info.plist */ = {isa = PBXFileReference; lastKnownFileType = text.plist.xml; path = Info.plist; sourceTree = "<group>"; };
		26A96A05298D6A4F003A4B98 /* RMLocation.swift */ = {isa = PBXFileReference; lastKnownFileType = sourcecode.swift; path = RMLocation.swift; sourceTree = "<group>"; };
		26A96A07298D6A62003A4B98 /* RMCharacter.swift */ = {isa = PBXFileReference; lastKnownFileType = sourcecode.swift; path = RMCharacter.swift; sourceTree = "<group>"; };
		26A96A09298D6A6B003A4B98 /* RMEpisode.swift */ = {isa = PBXFileReference; lastKnownFileType = sourcecode.swift; path = RMEpisode.swift; sourceTree = "<group>"; };
		26A96A0C298D6B3B003A4B98 /* RMCharacterViewController.swift */ = {isa = PBXFileReference; lastKnownFileType = sourcecode.swift; path = RMCharacterViewController.swift; sourceTree = "<group>"; };
		26A96A0E298D6B52003A4B98 /* RMLocationViewController.swift */ = {isa = PBXFileReference; lastKnownFileType = sourcecode.swift; path = RMLocationViewController.swift; sourceTree = "<group>"; };
		26A96A10298D6B66003A4B98 /* RMEpisodeViewController.swift */ = {isa = PBXFileReference; lastKnownFileType = sourcecode.swift; path = RMEpisodeViewController.swift; sourceTree = "<group>"; };
		26A96A12298D6B78003A4B98 /* RMSettingsViewController.swift */ = {isa = PBXFileReference; lastKnownFileType = sourcecode.swift; path = RMSettingsViewController.swift; sourceTree = "<group>"; };
/* End PBXFileReference section */

/* Begin PBXFrameworksBuildPhase section */
		260EF7CE298ACC78007392BB /* Frameworks */ = {
			isa = PBXFrameworksBuildPhase;
			buildActionMask = 2147483647;
			files = (
			);
			runOnlyForDeploymentPostprocessing = 0;
		};
/* End PBXFrameworksBuildPhase section */

/* Begin PBXGroup section */
		260EF7C8298ACC78007392BB = {
			isa = PBXGroup;
			children = (
				260EF7D3298ACC78007392BB /* RickyAndMorty */,
				260EF7D2298ACC78007392BB /* Products */,
			);
			sourceTree = "<group>";
		};
		260EF7D2298ACC78007392BB /* Products */ = {
			isa = PBXGroup;
			children = (
				260EF7D1298ACC78007392BB /* RickyAndMorty.app */,
			);
			name = Products;
			sourceTree = "<group>";
		};
		260EF7D3298ACC78007392BB /* RickyAndMorty */ = {
			isa = PBXGroup;
			children = (
				2698B5F6298AE0AD00D86043 /* Recources */,
				2698B5F5298AE09800D86043 /* Managers */,
				2698B5F4298AE06F00D86043 /* APIClient */,
				2698B5F3298AE06300D86043 /* ViewModels */,
				2698B5F2298AE04100D86043 /* Views */,
				2698B5F1298AE03200D86043 /* Models */,
				2698B5F0298AE01000D86043 /* Controllers */,
				260EF7E2298ACC7A007392BB /* Info.plist */,
			);
			path = RickyAndMorty;
			sourceTree = "<group>";
		};
		2698B5F0298AE01000D86043 /* Controllers */ = {
			isa = PBXGroup;
			children = (
				26A96A0B298D6B02003A4B98 /* Core */,
			);
			path = Controllers;
			sourceTree = "<group>";
		};
		2698B5F1298AE03200D86043 /* Models */ = {
			isa = PBXGroup;
			children = (
				26A96A05298D6A4F003A4B98 /* RMLocation.swift */,
				26A96A07298D6A62003A4B98 /* RMCharacter.swift */,
				26A96A09298D6A6B003A4B98 /* RMEpisode.swift */,
			);
			path = Models;
			sourceTree = "<group>";
		};
		2698B5F2298AE04100D86043 /* Views */ = {
			isa = PBXGroup;
			children = (
			);
			path = Views;
			sourceTree = "<group>";
		};
		2698B5F3298AE06300D86043 /* ViewModels */ = {
			isa = PBXGroup;
			children = (
			);
			path = ViewModels;
			sourceTree = "<group>";
		};
		2698B5F4298AE06F00D86043 /* APIClient */ = {
			isa = PBXGroup;
			children = (
			);
			path = APIClient;
			sourceTree = "<group>";
		};
		2698B5F5298AE09800D86043 /* Managers */ = {
			isa = PBXGroup;
			children = (
			);
			path = Managers;
			sourceTree = "<group>";
		};
		2698B5F6298AE0AD00D86043 /* Recources */ = {
			isa = PBXGroup;
			children = (
				260EF7D4298ACC78007392BB /* AppDelegate.swift */,
				260EF7D6298ACC78007392BB /* SceneDelegate.swift */,
				260EF7DD298ACC7A007392BB /* Assets.xcassets */,
				260EF7DF298ACC7A007392BB /* LaunchScreen.storyboard */,
			);
			path = Recources;
			sourceTree = "<group>";
		};
		26A96A0B298D6B02003A4B98 /* Core */ = {
			isa = PBXGroup;
			children = (
				260EF7D8298ACC78007392BB /* RMTabBarViewController.swift */,
				26A96A0C298D6B3B003A4B98 /* RMCharacterViewController.swift */,
				26A96A0E298D6B52003A4B98 /* RMLocationViewController.swift */,
				26A96A10298D6B66003A4B98 /* RMEpisodeViewController.swift */,
				26A96A12298D6B78003A4B98 /* RMSettingsViewController.swift */,
			);
			path = Core;
			sourceTree = "<group>";
		};
/* End PBXGroup section */

/* Begin PBXNativeTarget section */
		260EF7D0298ACC78007392BB /* RickyAndMorty */ = {
			isa = PBXNativeTarget;
			buildConfigurationList = 260EF7E5298ACC7A007392BB /* Build configuration list for PBXNativeTarget "RickyAndMorty" */;
			buildPhases = (
				260EF7CD298ACC78007392BB /* Sources */,
				260EF7CE298ACC78007392BB /* Frameworks */,
				260EF7CF298ACC78007392BB /* Resources */,
			);
			buildRules = (
			);
			dependencies = (
			);
			name = RickyAndMorty;
			productName = RickyAndMorty;
			productReference = 260EF7D1298ACC78007392BB /* RickyAndMorty.app */;
			productType = "com.apple.product-type.application";
		};
/* End PBXNativeTarget section */

/* Begin PBXProject section */
		260EF7C9298ACC78007392BB /* Project object */ = {
			isa = PBXProject;
			attributes = {
				BuildIndependentTargetsInParallel = 1;
				LastSwiftUpdateCheck = 1420;
				LastUpgradeCheck = 1420;
				TargetAttributes = {
					260EF7D0298ACC78007392BB = {
						CreatedOnToolsVersion = 14.2;
					};
				};
			};
			buildConfigurationList = 260EF7CC298ACC78007392BB /* Build configuration list for PBXProject "RickyAndMorty" */;
			compatibilityVersion = "Xcode 14.0";
			developmentRegion = en;
			hasScannedForEncodings = 0;
			knownRegions = (
				en,
				Base,
			);
			mainGroup = 260EF7C8298ACC78007392BB;
			productRefGroup = 260EF7D2298ACC78007392BB /* Products */;
			projectDirPath = "";
			projectRoot = "";
			targets = (
				260EF7D0298ACC78007392BB /* RickyAndMorty */,
			);
		};
/* End PBXProject section */

/* Begin PBXResourcesBuildPhase section */
		260EF7CF298ACC78007392BB /* Resources */ = {
			isa = PBXResourcesBuildPhase;
			buildActionMask = 2147483647;
			files = (
				260EF7E1298ACC7A007392BB /* LaunchScreen.storyboard in Resources */,
				260EF7DE298ACC7A007392BB /* Assets.xcassets in Resources */,
			);
			runOnlyForDeploymentPostprocessing = 0;
		};
/* End PBXResourcesBuildPhase section */

/* Begin PBXSourcesBuildPhase section */
		260EF7CD298ACC78007392BB /* Sources */ = {
			isa = PBXSourcesBuildPhase;
			buildActionMask = 2147483647;
			files = (
				26A96A0F298D6B52003A4B98 /* RMLocationViewController.swift in Sources */,
				26A96A0A298D6A6B003A4B98 /* RMEpisode.swift in Sources */,
				260EF7D9298ACC78007392BB /* RMTabBarViewController.swift in Sources */,
				26A96A11298D6B66003A4B98 /* RMEpisodeViewController.swift in Sources */,
				260EF7D5298ACC78007392BB /* AppDelegate.swift in Sources */,
				260EF7D7298ACC78007392BB /* SceneDelegate.swift in Sources */,
				26A96A13298D6B78003A4B98 /* RMSettingsViewController.swift in Sources */,
				26A96A06298D6A4F003A4B98 /* RMLocation.swift in Sources */,
				26A96A08298D6A62003A4B98 /* RMCharacter.swift in Sources */,
				26A96A0D298D6B3B003A4B98 /* RMCharacterViewController.swift in Sources */,
			);
			runOnlyForDeploymentPostprocessing = 0;
		};
/* End PBXSourcesBuildPhase section */

/* Begin PBXVariantGroup section */
		260EF7DF298ACC7A007392BB /* LaunchScreen.storyboard */ = {
			isa = PBXVariantGroup;
			children = (
				260EF7E0298ACC7A007392BB /* Base */,
			);
			name = LaunchScreen.storyboard;
			sourceTree = "<group>";
		};
/* End PBXVariantGroup section */

/* Begin XCBuildConfiguration section */
		260EF7E3298ACC7A007392BB /* Debug */ = {
			isa = XCBuildConfiguration;
			buildSettings = {
				ALWAYS_SEARCH_USER_PATHS = NO;
				CLANG_ANALYZER_NONNULL = YES;
				CLANG_ANALYZER_NUMBER_OBJECT_CONVERSION = YES_AGGRESSIVE;
				CLANG_CXX_LANGUAGE_STANDARD = "gnu++20";
				CLANG_ENABLE_MODULES = YES;
				CLANG_ENABLE_OBJC_ARC = YES;
				CLANG_ENABLE_OBJC_WEAK = YES;
				CLANG_WARN_BLOCK_CAPTURE_AUTORELEASING = YES;
				CLANG_WARN_BOOL_CONVERSION = YES;
				CLANG_WARN_COMMA = YES;
				CLANG_WARN_CONSTANT_CONVERSION = YES;
				CLANG_WARN_DEPRECATED_OBJC_IMPLEMENTATIONS = YES;
				CLANG_WARN_DIRECT_OBJC_ISA_USAGE = YES_ERROR;
				CLANG_WARN_DOCUMENTATION_COMMENTS = YES;
				CLANG_WARN_EMPTY_BODY = YES;
				CLANG_WARN_ENUM_CONVERSION = YES;
				CLANG_WARN_INFINITE_RECURSION = YES;
				CLANG_WARN_INT_CONVERSION = YES;
				CLANG_WARN_NON_LITERAL_NULL_CONVERSION = YES;
				CLANG_WARN_OBJC_IMPLICIT_RETAIN_SELF = YES;
				CLANG_WARN_OBJC_LITERAL_CONVERSION = YES;
				CLANG_WARN_OBJC_ROOT_CLASS = YES_ERROR;
				CLANG_WARN_QUOTED_INCLUDE_IN_FRAMEWORK_HEADER = YES;
				CLANG_WARN_RANGE_LOOP_ANALYSIS = YES;
				CLANG_WARN_STRICT_PROTOTYPES = YES;
				CLANG_WARN_SUSPICIOUS_MOVE = YES;
				CLANG_WARN_UNGUARDED_AVAILABILITY = YES_AGGRESSIVE;
				CLANG_WARN_UNREACHABLE_CODE = YES;
				CLANG_WARN__DUPLICATE_METHOD_MATCH = YES;
				COPY_PHASE_STRIP = NO;
				DEBUG_INFORMATION_FORMAT = dwarf;
				ENABLE_STRICT_OBJC_MSGSEND = YES;
				ENABLE_TESTABILITY = YES;
				GCC_C_LANGUAGE_STANDARD = gnu11;
				GCC_DYNAMIC_NO_PIC = NO;
				GCC_NO_COMMON_BLOCKS = YES;
				GCC_OPTIMIZATION_LEVEL = 0;
				GCC_PREPROCESSOR_DEFINITIONS = (
					"DEBUG=1",
					"$(inherited)",
				);
				GCC_WARN_64_TO_32_BIT_CONVERSION = YES;
				GCC_WARN_ABOUT_RETURN_TYPE = YES_ERROR;
				GCC_WARN_UNDECLARED_SELECTOR = YES;
				GCC_WARN_UNINITIALIZED_AUTOS = YES_AGGRESSIVE;
				GCC_WARN_UNUSED_FUNCTION = YES;
				GCC_WARN_UNUSED_VARIABLE = YES;
				IPHONEOS_DEPLOYMENT_TARGET = 16.2;
				MTL_ENABLE_DEBUG_INFO = INCLUDE_SOURCE;
				MTL_FAST_MATH = YES;
				ONLY_ACTIVE_ARCH = YES;
				SDKROOT = iphoneos;
				SWIFT_ACTIVE_COMPILATION_CONDITIONS = DEBUG;
				SWIFT_OPTIMIZATION_LEVEL = "-Onone";
			};
			name = Debug;
		};
		260EF7E4298ACC7A007392BB /* Release */ = {
			isa = XCBuildConfiguration;
			buildSettings = {
				ALWAYS_SEARCH_USER_PATHS = NO;
				CLANG_ANALYZER_NONNULL = YES;
				CLANG_ANALYZER_NUMBER_OBJECT_CONVERSION = YES_AGGRESSIVE;
				CLANG_CXX_LANGUAGE_STANDARD = "gnu++20";
				CLANG_ENABLE_MODULES = YES;
				CLANG_ENABLE_OBJC_ARC = YES;
				CLANG_ENABLE_OBJC_WEAK = YES;
				CLANG_WARN_BLOCK_CAPTURE_AUTORELEASING = YES;
				CLANG_WARN_BOOL_CONVERSION = YES;
				CLANG_WARN_COMMA = YES;
				CLANG_WARN_CONSTANT_CONVERSION = YES;
				CLANG_WARN_DEPRECATED_OBJC_IMPLEMENTATIONS = YES;
				CLANG_WARN_DIRECT_OBJC_ISA_USAGE = YES_ERROR;
				CLANG_WARN_DOCUMENTATION_COMMENTS = YES;
				CLANG_WARN_EMPTY_BODY = YES;
				CLANG_WARN_ENUM_CONVERSION = YES;
				CLANG_WARN_INFINITE_RECURSION = YES;
				CLANG_WARN_INT_CONVERSION = YES;
				CLANG_WARN_NON_LITERAL_NULL_CONVERSION = YES;
				CLANG_WARN_OBJC_IMPLICIT_RETAIN_SELF = YES;
				CLANG_WARN_OBJC_LITERAL_CONVERSION = YES;
				CLANG_WARN_OBJC_ROOT_CLASS = YES_ERROR;
				CLANG_WARN_QUOTED_INCLUDE_IN_FRAMEWORK_HEADER = YES;
				CLANG_WARN_RANGE_LOOP_ANALYSIS = YES;
				CLANG_WARN_STRICT_PROTOTYPES = YES;
				CLANG_WARN_SUSPICIOUS_MOVE = YES;
				CLANG_WARN_UNGUARDED_AVAILABILITY = YES_AGGRESSIVE;
				CLANG_WARN_UNREACHABLE_CODE = YES;
				CLANG_WARN__DUPLICATE_METHOD_MATCH = YES;
				COPY_PHASE_STRIP = NO;
				DEBUG_INFORMATION_FORMAT = "dwarf-with-dsym";
				ENABLE_NS_ASSERTIONS = NO;
				ENABLE_STRICT_OBJC_MSGSEND = YES;
				GCC_C_LANGUAGE_STANDARD = gnu11;
				GCC_NO_COMMON_BLOCKS = YES;
				GCC_WARN_64_TO_32_BIT_CONVERSION = YES;
				GCC_WARN_ABOUT_RETURN_TYPE = YES_ERROR;
				GCC_WARN_UNDECLARED_SELECTOR = YES;
				GCC_WARN_UNINITIALIZED_AUTOS = YES_AGGRESSIVE;
				GCC_WARN_UNUSED_FUNCTION = YES;
				GCC_WARN_UNUSED_VARIABLE = YES;
				IPHONEOS_DEPLOYMENT_TARGET = 16.2;
				MTL_ENABLE_DEBUG_INFO = NO;
				MTL_FAST_MATH = YES;
				SDKROOT = iphoneos;
				SWIFT_COMPILATION_MODE = wholemodule;
				SWIFT_OPTIMIZATION_LEVEL = "-O";
				VALIDATE_PRODUCT = YES;
			};
			name = Release;
		};
		260EF7E6298ACC7A007392BB /* Debug */ = {
			isa = XCBuildConfiguration;
			buildSettings = {
				ASSETCATALOG_COMPILER_APPICON_NAME = AppIcon;
				ASSETCATALOG_COMPILER_GLOBAL_ACCENT_COLOR_NAME = AccentColor;
				CODE_SIGN_STYLE = Automatic;
				CURRENT_PROJECT_VERSION = 1;
				DEVELOPMENT_TEAM = QWXSDUP35P;
				GENERATE_INFOPLIST_FILE = YES;
				INFOPLIST_FILE = RickyAndMorty/Info.plist;
				INFOPLIST_KEY_UIApplicationSupportsIndirectInputEvents = YES;
				INFOPLIST_KEY_UILaunchStoryboardName = LaunchScreen;
				INFOPLIST_KEY_UISupportedInterfaceOrientations_iPad = "UIInterfaceOrientationPortrait UIInterfaceOrientationPortraitUpsideDown UIInterfaceOrientationLandscapeLeft UIInterfaceOrientationLandscapeRight";
				INFOPLIST_KEY_UISupportedInterfaceOrientations_iPhone = "UIInterfaceOrientationPortrait UIInterfaceOrientationLandscapeLeft UIInterfaceOrientationLandscapeRight";
				LD_RUNPATH_SEARCH_PATHS = (
					"$(inherited)",
					"@executable_path/Frameworks",
				);
				MARKETING_VERSION = 1.0;
				PRODUCT_BUNDLE_IDENTIFIER = com.mishoziraka.RickyAndMorty;
				PRODUCT_NAME = "$(TARGET_NAME)";
				SWIFT_EMIT_LOC_STRINGS = YES;
				SWIFT_VERSION = 5.0;
				TARGETED_DEVICE_FAMILY = "1,2";
			};
			name = Debug;
		};
		260EF7E7298ACC7A007392BB /* Release */ = {
			isa = XCBuildConfiguration;
			buildSettings = {
				ASSETCATALOG_COMPILER_APPICON_NAME = AppIcon;
				ASSETCATALOG_COMPILER_GLOBAL_ACCENT_COLOR_NAME = AccentColor;
				CODE_SIGN_STYLE = Automatic;
				CURRENT_PROJECT_VERSION = 1;
				DEVELOPMENT_TEAM = QWXSDUP35P;
				GENERATE_INFOPLIST_FILE = YES;
				INFOPLIST_FILE = RickyAndMorty/Info.plist;
				INFOPLIST_KEY_UIApplicationSupportsIndirectInputEvents = YES;
				INFOPLIST_KEY_UILaunchStoryboardName = LaunchScreen;
				INFOPLIST_KEY_UISupportedInterfaceOrientations_iPad = "UIInterfaceOrientationPortrait UIInterfaceOrientationPortraitUpsideDown UIInterfaceOrientationLandscapeLeft UIInterfaceOrientationLandscapeRight";
				INFOPLIST_KEY_UISupportedInterfaceOrientations_iPhone = "UIInterfaceOrientationPortrait UIInterfaceOrientationLandscapeLeft UIInterfaceOrientationLandscapeRight";
				LD_RUNPATH_SEARCH_PATHS = (
					"$(inherited)",
					"@executable_path/Frameworks",
				);
				MARKETING_VERSION = 1.0;
				PRODUCT_BUNDLE_IDENTIFIER = com.mishoziraka.RickyAndMorty;
				PRODUCT_NAME = "$(TARGET_NAME)";
				SWIFT_EMIT_LOC_STRINGS = YES;
				SWIFT_VERSION = 5.0;
				TARGETED_DEVICE_FAMILY = "1,2";
			};
			name = Release;
		};
/* End XCBuildConfiguration section */

/* Begin XCConfigurationList section */
		260EF7CC298ACC78007392BB /* Build configuration list for PBXProject "RickyAndMorty" */ = {
			isa = XCConfigurationList;
			buildConfigurations = (
				260EF7E3298ACC7A007392BB /* Debug */,
				260EF7E4298ACC7A007392BB /* Release */,
			);
			defaultConfigurationIsVisible = 0;
			defaultConfigurationName = Release;
		};
		260EF7E5298ACC7A007392BB /* Build configuration list for PBXNativeTarget "RickyAndMorty" */ = {
			isa = XCConfigurationList;
			buildConfigurations = (
				260EF7E6298ACC7A007392BB /* Debug */,
				260EF7E7298ACC7A007392BB /* Release */,
			);
			defaultConfigurationIsVisible = 0;
			defaultConfigurationName = Release;
		};
/* End XCConfigurationList section */
	};
	rootObject = 260EF7C9298ACC78007392BB /* Project object */;
}
